// !$*UTF8*$!
{
	archiveVersion = 1;
	classes = {
	};
	objectVersion = 56;
	objects = {

/* Begin PBXBuildFile section */
		611AB479762BF51112948415 /* Pods_MyJsonTest2.framework in Frameworks */ = {isa = PBXBuildFile; fileRef = D92ADAC9D4A74F63C80E0C8F /* Pods_MyJsonTest2.framework */; };
		FEE0A74F29198B6A0060C361 /* AppDelegate.swift in Sources */ = {isa = PBXBuildFile; fileRef = FEE0A74E29198B6A0060C361 /* AppDelegate.swift */; };
		FEE0A75129198B6A0060C361 /* SceneDelegate.swift in Sources */ = {isa = PBXBuildFile; fileRef = FEE0A75029198B6A0060C361 /* SceneDelegate.swift */; };
		FEE0A75329198B6A0060C361 /* ViewController.swift in Sources */ = {isa = PBXBuildFile; fileRef = FEE0A75229198B6A0060C361 /* ViewController.swift */; };
		FEE0A75629198B6A0060C361 /* Main.storyboard in Resources */ = {isa = PBXBuildFile; fileRef = FEE0A75429198B6A0060C361 /* Main.storyboard */; };
		FEE0A75829198B6B0060C361 /* Assets.xcassets in Resources */ = {isa = PBXBuildFile; fileRef = FEE0A75729198B6B0060C361 /* Assets.xcassets */; };
		FEE0A75B29198B6B0060C361 /* LaunchScreen.storyboard in Resources */ = {isa = PBXBuildFile; fileRef = FEE0A75929198B6B0060C361 /* LaunchScreen.storyboard */; };
/* End PBXBuildFile section */

/* Begin PBXFileReference section */
		7A74CBA0A981F8610327B1C5 /* Pods-MyJsonTest2.debug.xcconfig */ = {isa = PBXFileReference; includeInIndex = 1; lastKnownFileType = text.xcconfig; name = "Pods-MyJsonTest2.debug.xcconfig"; path = "Target Support Files/Pods-MyJsonTest2/Pods-MyJsonTest2.debug.xcconfig"; sourceTree = "<group>"; };
		B021129F819F2BB5CAEA119A /* Pods-MyJsonTest2.release.xcconfig */ = {isa = PBXFileReference; includeInIndex = 1; lastKnownFileType = text.xcconfig; name = "Pods-MyJsonTest2.release.xcconfig"; path = "Target Support Files/Pods-MyJsonTest2/Pods-MyJsonTest2.release.xcconfig"; sourceTree = "<group>"; };
		D92ADAC9D4A74F63C80E0C8F /* Pods_MyJsonTest2.framework */ = {isa = PBXFileReference; explicitFileType = wrapper.framework; includeInIndex = 0; path = Pods_MyJsonTest2.framework; sourceTree = BUILT_PRODUCTS_DIR; };
		FEE0A74B29198B6A0060C361 /* MyJsonTest2.app */ = {isa = PBXFileReference; explicitFileType = wrapper.application; includeInIndex = 0; path = MyJsonTest2.app; sourceTree = BUILT_PRODUCTS_DIR; };
		FEE0A74E29198B6A0060C361 /* AppDelegate.swift */ = {isa = PBXFileReference; lastKnownFileType = sourcecode.swift; path = AppDelegate.swift; sourceTree = "<group>"; };
		FEE0A75029198B6A0060C361 /* SceneDelegate.swift */ = {isa = PBXFileReference; lastKnownFileType = sourcecode.swift; path = SceneDelegate.swift; sourceTree = "<group>"; };
		FEE0A75229198B6A0060C361 /* ViewController.swift */ = {isa = PBXFileReference; lastKnownFileType = sourcecode.swift; path = ViewController.swift; sourceTree = "<group>"; };
		FEE0A75529198B6A0060C361 /* Base */ = {isa = PBXFileReference; lastKnownFileType = file.storyboard; name = Base; path = Base.lproj/Main.storyboard; sourceTree = "<group>"; };
		FEE0A75729198B6B0060C361 /* Assets.xcassets */ = {isa = PBXFileReference; lastKnownFileType = folder.assetcatalog; path = Assets.xcassets; sourceTree = "<group>"; };
		FEE0A75A29198B6B0060C361 /* Base */ = {isa = PBXFileReference; lastKnownFileType = file.storyboard; name = Base; path = Base.lproj/LaunchScreen.storyboard; sourceTree = "<group>"; };
		FEE0A75C29198B6B0060C361 /* Info.plist */ = {isa = PBXFileReference; lastKnownFileType = text.plist.xml; path = Info.plist; sourceTree = "<group>"; };
/* End PBXFileReference section */

/* Begin PBXFrameworksBuildPhase section */
		FEE0A74829198B6A0060C361 /* Frameworks */ = {
			isa = PBXFrameworksBuildPhase;
			buildActionMask = 2147483647;
			files = (
				611AB479762BF51112948415 /* Pods_MyJsonTest2.framework in Frameworks */,
			);
			runOnlyForDeploymentPostprocessing = 0;
		};
/* End PBXFrameworksBuildPhase section */

/* Begin PBXGroup section */
		2E40FFD60E7F5CE3E779B5AA /* Pods */ = {
			isa = PBXGroup;
			children = (
				7A74CBA0A981F8610327B1C5 /* Pods-MyJsonTest2.debug.xcconfig */,
				B021129F819F2BB5CAEA119A /* Pods-MyJsonTest2.release.xcconfig */,
			);
			name = Pods;
			path = Pods;
			sourceTree = "<group>";
		};
		BC5CDDC0B82CC80936C81410 /* Frameworks */ = {
			isa = PBXGroup;
			children = (
				D92ADAC9D4A74F63C80E0C8F /* Pods_MyJsonTest2.framework */,
			);
			name = Frameworks;
			sourceTree = "<group>";
		};
		FEE0A74229198B6A0060C361 = {
			isa = PBXGroup;
			children = (
				FEE0A74D29198B6A0060C361 /* MyJsonTest2 */,
				FEE0A74C29198B6A0060C361 /* Products */,
				2E40FFD60E7F5CE3E779B5AA /* Pods */,
				BC5CDDC0B82CC80936C81410 /* Frameworks */,
			);
			sourceTree = "<group>";
		};
		FEE0A74C29198B6A0060C361 /* Products */ = {
			isa = PBXGroup;
			children = (
				FEE0A74B29198B6A0060C361 /* MyJsonTest2.app */,
			);
			name = Products;
			sourceTree = "<group>";
		};
		FEE0A74D29198B6A0060C361 /* MyJsonTest2 */ = {
			isa = PBXGroup;
			children = (
				FEE0A74E29198B6A0060C361 /* AppDelegate.swift */,
				FEE0A75029198B6A0060C361 /* SceneDelegate.swift */,
				FEE0A75229198B6A0060C361 /* ViewController.swift */,
				FEE0A75429198B6A0060C361 /* Main.storyboard */,
				FEE0A75729198B6B0060C361 /* Assets.xcassets */,
				FEE0A75929198B6B0060C361 /* LaunchScreen.storyboard */,
				FEE0A75C29198B6B0060C361 /* Info.plist */,
			);
			path = MyJsonTest2;
			sourceTree = "<group>";
		};
/* End PBXGroup section */

/* Begin PBXNativeTarget section */
		FEE0A74A29198B6A0060C361 /* MyJsonTest2 */ = {
			isa = PBXNativeTarget;
			buildConfigurationList = FEE0A75F29198B6B0060C361 /* Build configuration list for PBXNativeTarget "MyJsonTest2" */;
			buildPhases = (
				C4A61C73C308DF759B6CE572 /* [CP] Check Pods Manifest.lock */,
				FEE0A74729198B6A0060C361 /* Sources */,
				FEE0A74829198B6A0060C361 /* Frameworks */,
				FEE0A74929198B6A0060C361 /* Resources */,
				69EAEE2A1D3CB454B93E420A /* [CP] Embed Pods Frameworks */,
			);
			buildRules = (
			);
			dependencies = (
			);
			name = MyJsonTest2;
			productName = MyJsonTest2;
			productReference = FEE0A74B29198B6A0060C361 /* MyJsonTest2.app */;
			productType = "com.apple.product-type.application";
		};
/* End PBXNativeTarget section */

/* Begin PBXProject section */
		FEE0A74329198B6A0060C361 /* Project object */ = {
			isa = PBXProject;
			attributes = {
				BuildIndependentTargetsInParallel = 1;
				LastSwiftUpdateCheck = 1400;
				LastUpgradeCheck = 1400;
				TargetAttributes = {
					FEE0A74A29198B6A0060C361 = {
						CreatedOnToolsVersion = 14.0;
					};
				};
			};
			buildConfigurationList = FEE0A74629198B6A0060C361 /* Build configuration list for PBXProject "MyJsonTest2" */;
			compatibilityVersion = "Xcode 14.0";
			developmentRegion = en;
			hasScannedForEncodings = 0;
			knownRegions = (
				en,
				Base,
			);
			mainGroup = FEE0A74229198B6A0060C361;
			productRefGroup = FEE0A74C29198B6A0060C361 /* Products */;
			projectDirPath = "";
			projectRoot = "";
			targets = (
				FEE0A74A29198B6A0060C361 /* MyJsonTest2 */,
			);
		};
/* End PBXProject section */

/* Begin PBXResourcesBuildPhase section */
		FEE0A74929198B6A0060C361 /* Resources */ = {
			isa = PBXResourcesBuildPhase;
			buildActionMask = 2147483647;
			files = (
				FEE0A75B29198B6B0060C361 /* LaunchScreen.storyboard in Resources */,
				FEE0A75829198B6B0060C361 /* Assets.xcassets in Resources */,
				FEE0A75629198B6A0060C361 /* Main.storyboard in Resources */,
			);
			runOnlyForDeploymentPostprocessing = 0;
		};
/* End PBXResourcesBuildPhase section */

/* Begin PBXShellScriptBuildPhase section */
		69EAEE2A1D3CB454B93E420A /* [CP] Embed Pods Frameworks */ = {
			isa = PBXShellScriptBuildPhase;
			buildActionMask = 2147483647;
			files = (
			);
			inputFileListPaths = (
				"${PODS_ROOT}/Target Support Files/Pods-MyJsonTest2/Pods-MyJsonTest2-frameworks-${CONFIGURATION}-input-files.xcfilelist",
			);
			name = "[CP] Embed Pods Frameworks";
			outputFileListPaths = (
				"${PODS_ROOT}/Target Support Files/Pods-MyJsonTest2/Pods-MyJsonTest2-frameworks-${CONFIGURATION}-output-files.xcfilelist",
			);
			runOnlyForDeploymentPostprocessing = 0;
			shellPath = /bin/sh;
			shellScript = "\"${PODS_ROOT}/Target Support Files/Pods-MyJsonTest2/Pods-MyJsonTest2-frameworks.sh\"\n";
			showEnvVarsInLog = 0;
		};
		C4A61C73C308DF759B6CE572 /* [CP] Check Pods Manifest.lock */ = {
			isa = PBXShellScriptBuildPhase;
			buildActionMask = 2147483647;
			files = (
			);
			inputFileListPaths = (
			);
			inputPaths = (
				"${PODS_PODFILE_DIR_PATH}/Podfile.lock",
				"${PODS_ROOT}/Manifest.lock",
			);
			name = "[CP] Check Pods Manifest.lock";
			outputFileListPaths = (
			);
			outputPaths = (
				"$(DERIVED_FILE_DIR)/Pods-MyJsonTest2-checkManifestLockResult.txt",
			);
			runOnlyForDeploymentPostprocessing = 0;
			shellPath = /bin/sh;
			shellScript = "diff \"${PODS_PODFILE_DIR_PATH}/Podfile.lock\" \"${PODS_ROOT}/Manifest.lock\" > /dev/null\nif [ $? != 0 ] ; then\n    # print error to STDERR\n    echo \"error: The sandbox is not in sync with the Podfile.lock. Run 'pod install' or update your CocoaPods installation.\" >&2\n    exit 1\nfi\n# This output is used by Xcode 'outputs' to avoid re-running this script phase.\necho \"SUCCESS\" > \"${SCRIPT_OUTPUT_FILE_0}\"\n";
			showEnvVarsInLog = 0;
		};
/* End PBXShellScriptBuildPhase section */

/* Begin PBXSourcesBuildPhase section */
		FEE0A74729198B6A0060C361 /* Sources */ = {
			isa = PBXSourcesBuildPhase;
			buildActionMask = 2147483647;
			files = (
				FEE0A75329198B6A0060C361 /* ViewController.swift in Sources */,
				FEE0A74F29198B6A0060C361 /* AppDelegate.swift in Sources */,
				FEE0A75129198B6A0060C361 /* SceneDelegate.swift in Sources */,
			);
			runOnlyForDeploymentPostprocessing = 0;
		};
/* End PBXSourcesBuildPhase section */

/* Begin PBXVariantGroup section */
		FEE0A75429198B6A0060C361 /* Main.storyboard */ = {
			isa = PBXVariantGroup;
			children = (
				FEE0A75529198B6A0060C361 /* Base */,
			);
			name = Main.storyboard;
			sourceTree = "<group>";
		};
		FEE0A75929198B6B0060C361 /* LaunchScreen.storyboard */ = {
			isa = PBXVariantGroup;
			children = (
				FEE0A75A29198B6B0060C361 /* Base */,
			);
			name = LaunchScreen.storyboard;
			sourceTree = "<group>";
		};
/* End PBXVariantGroup section */

/* Begin XCBuildConfiguration section */
		FEE0A75D29198B6B0060C361 /* Debug */ = {
			isa = XCBuildConfiguration;
			buildSettings = {
				ALWAYS_SEARCH_USER_PATHS = NO;
				CLANG_ANALYZER_NONNULL = YES;
				CLANG_ANALYZER_NUMBER_OBJECT_CONVERSION = YES_AGGRESSIVE;
				CLANG_CXX_LANGUAGE_STANDARD = "gnu++20";
				CLANG_ENABLE_MODULES = YES;
				CLANG_ENABLE_OBJC_ARC = YES;
				CLANG_ENABLE_OBJC_WEAK = YES;
				CLANG_WARN_BLOCK_CAPTURE_AUTORELEASING = YES;
				CLANG_WARN_BOOL_CONVERSION = YES;
				CLANG_WARN_COMMA = YES;
				CLANG_WARN_CONSTANT_CONVERSION = YES;
				CLANG_WARN_DEPRECATED_OBJC_IMPLEMENTATIONS = YES;
				CLANG_WARN_DIRECT_OBJC_ISA_USAGE = YES_ERROR;
				CLANG_WARN_DOCUMENTATION_COMMENTS = YES;
				CLANG_WARN_EMPTY_BODY = YES;
				CLANG_WARN_ENUM_CONVERSION = YES;
				CLANG_WARN_INFINITE_RECURSION = YES;
				CLANG_WARN_INT_CONVERSION = YES;
				CLANG_WARN_NON_LITERAL_NULL_CONVERSION = YES;
				CLANG_WARN_OBJC_IMPLICIT_RETAIN_SELF = YES;
				CLANG_WARN_OBJC_LITERAL_CONVERSION = YES;
				CLANG_WARN_OBJC_ROOT_CLASS = YES_ERROR;
				CLANG_WARN_QUOTED_INCLUDE_IN_FRAMEWORK_HEADER = YES;
				CLANG_WARN_RANGE_LOOP_ANALYSIS = YES;
				CLANG_WARN_STRICT_PROTOTYPES = YES;
				CLANG_WARN_SUSPICIOUS_MOVE = YES;
				CLANG_WARN_UNGUARDED_AVAILABILITY = YES_AGGRESSIVE;
				CLANG_WARN_UNREACHABLE_CODE = YES;
				CLANG_WARN__DUPLICATE_METHOD_MATCH = YES;
				COPY_PHASE_STRIP = NO;
				DEBUG_INFORMATION_FORMAT = dwarf;
				ENABLE_STRICT_OBJC_MSGSEND = YES;
				ENABLE_TESTABILITY = YES;
				GCC_C_LANGUAGE_STANDARD = gnu11;
				GCC_DYNAMIC_NO_PIC = NO;
				GCC_NO_COMMON_BLOCKS = YES;
				GCC_OPTIMIZATION_LEVEL = 0;
				GCC_PREPROCESSOR_DEFINITIONS = (
					"DEBUG=1",
					"$(inherited)",
				);
				GCC_WARN_64_TO_32_BIT_CONVERSION = YES;
				GCC_WARN_ABOUT_RETURN_TYPE = YES_ERROR;
				GCC_WARN_UNDECLARED_SELECTOR = YES;
				GCC_WARN_UNINITIALIZED_AUTOS = YES_AGGRESSIVE;
				GCC_WARN_UNUSED_FUNCTION = YES;
				GCC_WARN_UNUSED_VARIABLE = YES;
				IPHONEOS_DEPLOYMENT_TARGET = 16.0;
				MTL_ENABLE_DEBUG_INFO = INCLUDE_SOURCE;
				MTL_FAST_MATH = YES;
				ONLY_ACTIVE_ARCH = YES;
				SDKROOT = iphoneos;
				SWIFT_ACTIVE_COMPILATION_CONDITIONS = DEBUG;
				SWIFT_OPTIMIZATION_LEVEL = "-Onone";
			};
			name = Debug;
		};
		FEE0A75E29198B6B0060C361 /* Release */ = {
			isa = XCBuildConfiguration;
			buildSettings = {
				ALWAYS_SEARCH_USER_PATHS = NO;
				CLANG_ANALYZER_NONNULL = YES;
				CLANG_ANALYZER_NUMBER_OBJECT_CONVERSION = YES_AGGRESSIVE;
				CLANG_CXX_LANGUAGE_STANDARD = "gnu++20";
				CLANG_ENABLE_MODULES = YES;
				CLANG_ENABLE_OBJC_ARC = YES;
				CLANG_ENABLE_OBJC_WEAK = YES;
				CLANG_WARN_BLOCK_CAPTURE_AUTORELEASING = YES;
				CLANG_WARN_BOOL_CONVERSION = YES;
				CLANG_WARN_COMMA = YES;
				CLANG_WARN_CONSTANT_CONVERSION = YES;
				CLANG_WARN_DEPRECATED_OBJC_IMPLEMENTATIONS = YES;
				CLANG_WARN_DIRECT_OBJC_ISA_USAGE = YES_ERROR;
				CLANG_WARN_DOCUMENTATION_COMMENTS = YES;
				CLANG_WARN_EMPTY_BODY = YES;
				CLANG_WARN_ENUM_CONVERSION = YES;
				CLANG_WARN_INFINITE_RECURSION = YES;
				CLANG_WARN_INT_CONVERSION = YES;
				CLANG_WARN_NON_LITERAL_NULL_CONVERSION = YES;
				CLANG_WARN_OBJC_IMPLICIT_RETAIN_SELF = YES;
				CLANG_WARN_OBJC_LITERAL_CONVERSION = YES;
				CLANG_WARN_OBJC_ROOT_CLASS = YES_ERROR;
				CLANG_WARN_QUOTED_INCLUDE_IN_FRAMEWORK_HEADER = YES;
				CLANG_WARN_RANGE_LOOP_ANALYSIS = YES;
				CLANG_WARN_STRICT_PROTOTYPES = YES;
				CLANG_WARN_SUSPICIOUS_MOVE = YES;
				CLANG_WARN_UNGUARDED_AVAILABILITY = YES_AGGRESSIVE;
				CLANG_WARN_UNREACHABLE_CODE = YES;
				CLANG_WARN__DUPLICATE_METHOD_MATCH = YES;
				COPY_PHASE_STRIP = NO;
				DEBUG_INFORMATION_FORMAT = "dwarf-with-dsym";
				ENABLE_NS_ASSERTIONS = NO;
				ENABLE_STRICT_OBJC_MSGSEND = YES;
				GCC_C_LANGUAGE_STANDARD = gnu11;
				GCC_NO_COMMON_BLOCKS = YES;
				GCC_WARN_64_TO_32_BIT_CONVERSION = YES;
				GCC_WARN_ABOUT_RETURN_TYPE = YES_ERROR;
				GCC_WARN_UNDECLARED_SELECTOR = YES;
				GCC_WARN_UNINITIALIZED_AUTOS = YES_AGGRESSIVE;
				GCC_WARN_UNUSED_FUNCTION = YES;
				GCC_WARN_UNUSED_VARIABLE = YES;
				IPHONEOS_DEPLOYMENT_TARGET = 16.0;
				MTL_ENABLE_DEBUG_INFO = NO;
				MTL_FAST_MATH = YES;
				SDKROOT = iphoneos;
				SWIFT_COMPILATION_MODE = wholemodule;
				SWIFT_OPTIMIZATION_LEVEL = "-O";
				VALIDATE_PRODUCT = YES;
			};
			name = Release;
		};
		FEE0A76029198B6B0060C361 /* Debug */ = {
			isa = XCBuildConfiguration;
			baseConfigurationReference = 7A74CBA0A981F8610327B1C5 /* Pods-MyJsonTest2.debug.xcconfig */;
			buildSettings = {
				ASSETCATALOG_COMPILER_APPICON_NAME = AppIcon;
				ASSETCATALOG_COMPILER_GLOBAL_ACCENT_COLOR_NAME = AccentColor;
				CODE_SIGN_STYLE = Automatic;
				CURRENT_PROJECT_VERSION = 1;
				DEVELOPMENT_TEAM = WSH8T4CK9T;
				GENERATE_INFOPLIST_FILE = YES;
				INFOPLIST_FILE = MyJsonTest2/Info.plist;
				INFOPLIST_KEY_CFBundleDisplayName = "Json Data";
				INFOPLIST_KEY_UIApplicationSupportsIndirectInputEvents = YES;
				INFOPLIST_KEY_UILaunchStoryboardName = LaunchScreen;
				INFOPLIST_KEY_UIMainStoryboardFile = Main;
				INFOPLIST_KEY_UISupportedInterfaceOrientations = UIInterfaceOrientationPortrait;
				IPHONEOS_DEPLOYMENT_TARGET = 14.0;
				LD_RUNPATH_SEARCH_PATHS = (
					"$(inherited)",
					"@executable_path/Frameworks",
				);
				MARKETING_VERSION = 1.0.1;
				PRODUCT_BUNDLE_IDENTIFIER = "Home-Office.MyJsonTest2";
				PRODUCT_NAME = "$(TARGET_NAME)";
				SWIFT_EMIT_LOC_STRINGS = YES;
				SWIFT_VERSION = 5.0;
				TARGETED_DEVICE_FAMILY = "1,2";
			};
			name = Debug;
		};
		FEE0A76129198B6B0060C361 /* Release */ = {
			isa = XCBuildConfiguration;
			baseConfigurationReference = B021129F819F2BB5CAEA119A /* Pods-MyJsonTest2.release.xcconfig */;
			buildSettings = {
				ASSETCATALOG_COMPILER_APPICON_NAME = AppIcon;
				ASSETCATALOG_COMPILER_GLOBAL_ACCENT_COLOR_NAME = AccentColor;
				CODE_SIGN_STYLE = Automatic;
				CURRENT_PROJECT_VERSION = 1;
				DEVELOPMENT_TEAM = WSH8T4CK9T;
				GENERATE_INFOPLIST_FILE = YES;
				INFOPLIST_FILE = MyJsonTest2/Info.plist;
				INFOPLIST_KEY_CFBundleDisplayName = "Json Data";
				INFOPLIST_KEY_UIApplicationSupportsIndirectInputEvents = YES;
				INFOPLIST_KEY_UILaunchStoryboardName = LaunchScreen;
				INFOPLIST_KEY_UIMainStoryboardFile = Main;
				INFOPLIST_KEY_UISupportedInterfaceOrientations = UIInterfaceOrientationPortrait;
				IPHONEOS_DEPLOYMENT_TARGET = 14.0;
				LD_RUNPATH_SEARCH_PATHS = (
					"$(inherited)",
					"@executable_path/Frameworks",
				);
				MARKETING_VERSION = 1.0.1;
				PRODUCT_BUNDLE_IDENTIFIER = "Home-Office.MyJsonTest2";
				PRODUCT_NAME = "$(TARGET_NAME)";
				SWIFT_EMIT_LOC_STRINGS = YES;
				SWIFT_VERSION = 5.0;
				TARGETED_DEVICE_FAMILY = "1,2";
			};
			name = Release;
		};
/* End XCBuildConfiguration section */

/* Begin XCConfigurationList section */
		FEE0A74629198B6A0060C361 /* Build configuration list for PBXProject "MyJsonTest2" */ = {
			isa = XCConfigurationList;
			buildConfigurations = (
				FEE0A75D29198B6B0060C361 /* Debug */,
				FEE0A75E29198B6B0060C361 /* Release */,
			);
			defaultConfigurationIsVisible = 0;
			defaultConfigurationName = Release;
		};
		FEE0A75F29198B6B0060C361 /* Build configuration list for PBXNativeTarget "MyJsonTest2" */ = {
			isa = XCConfigurationList;
			buildConfigurations = (
				FEE0A76029198B6B0060C361 /* Debug */,
				FEE0A76129198B6B0060C361 /* Release */,
			);
			defaultConfigurationIsVisible = 0;
			defaultConfigurationName = Release;
		};
/* End XCConfigurationList section */
	};
	rootObject = FEE0A74329198B6A0060C361 /* Project object */;
}
